{
    "_readme": [
        "This file locks the dependencies of your project to a known state",
        "Read more about it at https://getcomposer.org/doc/01-basic-usage.md#composer-lock-the-lock-file",
        "This file is @generated automatically"
    ],
    "hash": "8c390c91a8139b957aef0323d8cc4545",
    "packages": [
        {
            "name": "phpdocumentor/reflection-docblock",
            "version": "2.0.4",
            "source": {
                "type": "git",
                "url": "https://github.com/phpDocumentor/ReflectionDocBlock.git",
                "reference": "d68dbdc53dc358a816f00b300704702b2eaff7b8"
            },
            "dist": {
                "type": "zip",
                "url": "https://api.github.com/repos/phpDocumentor/ReflectionDocBlock/zipball/d68dbdc53dc358a816f00b300704702b2eaff7b8",
                "reference": "d68dbdc53dc358a816f00b300704702b2eaff7b8",
                "shasum": ""
            },
            "require": {
                "php": ">=5.3.3"
            },
            "require-dev": {
                "phpunit/phpunit": "~4.0"
            },
            "suggest": {
                "dflydev/markdown": "~1.0",
                "erusev/parsedown": "~1.0"
            },
            "type": "library",
            "extra": {
                "branch-alias": {
                    "dev-master": "2.0.x-dev"
                }
            },
            "autoload": {
                "psr-0": {
                    "phpDocumentor": [
                        "src/"
                    ]
                }
            },
            "notification-url": "https://packagist.org/downloads/",
            "license": [
                "MIT"
            ],
            "authors": [
                {
                    "name": "Mike van Riel",
                    "email": "mike.vanriel@naenius.com"
                }
            ],
            "time": "2015-02-03 12:10:50"
        },
        {
            "name": "rhubarbphp/custard",
            "version": "dev-master",
            "source": {
                "type": "git",
                "url": "https://github.com/RhubarbPHP/Custard.git",
                "reference": "ac81379147dadc67539f02a9c4c9a891cae2fa46"
            },
            "dist": {
                "type": "zip",
                "url": "https://api.github.com/repos/RhubarbPHP/Custard/zipball/ac81379147dadc67539f02a9c4c9a891cae2fa46",
                "reference": "ac81379147dadc67539f02a9c4c9a891cae2fa46",
                "shasum": ""
            },
            "require": {
                "phpdocumentor/reflection-docblock": "2.0.4",
                "symfony/console": ">=2.7.5"
            },
            "bin": [
                "bin/custard",
                "bin/vcustard"
            ],
            "type": "library",
            "autoload": {
                "psr-4": {
                    "Rhubarb\\Custard\\": "src/",
                    "Rhubarb\\Custard\\Tests\\": "tests/"
                }
            },
            "notification-url": "https://packagist.org/downloads/",
            "license": [
                "Apache-2.0"
            ],
            "description": "Provides command line tools for Rhubarb projects.",
            "homepage": "http://www.rhubarbphp.com/",
            "keywords": [
                "cli",
                "command-line",
                "custard",
                "framework",
                "php",
                "rhubarb",
                "tools"
            ],
            "time": "2016-04-27 21:58:35"
        },
        {
            "name": "rhubarbphp/module-leaf",
            "version": "dev-ac/MajorRefactor",
            "source": {
                "type": "git",
                "url": "https://github.com/RhubarbPHP/Module.Leaf.git",
                "reference": "87245891be7a637bc71d54cc3e4066dad2353d54"
            },
            "dist": {
                "type": "zip",
                "url": "https://api.github.com/repos/RhubarbPHP/Module.Leaf/zipball/87245891be7a637bc71d54cc3e4066dad2353d54",
                "reference": "87245891be7a637bc71d54cc3e4066dad2353d54",
                "shasum": ""
            },
            "require": {
                "rhubarbphp/custard": "dev-master",
                "rhubarbphp/rhubarb": "dev-feature/Events as 1.0.0"
            },
            "require-dev": {
                "codeception/codeception": "2.1.*"
            },
            "type": "library",
            "autoload": {
                "psr-4": {
                    "Rhubarb\\Leaf\\": "src/",
                    "Rhubarb\\Leaf\\Tests\\": "tests/unit/"
                }
            },
            "notification-url": "https://packagist.org/downloads/",
            "license": [
                "Apache-2.0"
            ],
            "description": "A nestable user interface building module for the Rhubarb PHP framework based upon the model-view-presenter pattern.",
            "homepage": "http://www.rhubarbphp.com/",
            "keywords": [
                "framework",
                "leaf",
                "mvp",
                "php",
                "presenter",
                "rhubarb"
            ],
            "time": "2016-04-27 21:30:38"
        },
        {
            "name": "rhubarbphp/module-leaf-common-controls",
            "version": "dev-master",
            "source": {
                "type": "git",
                "url": "git@github.com:rhubarbphp/module.leaf.commoncontrols",
                "reference": "d210b4cdc9a3b267bf30136a2575ae336847d5e0"
            },
            "require": {
                "rhubarbphp/module-leaf": "dev-ac/MajorRefactor"
            },
            "require-dev": {
                "codeception/codeception": "2.1.*"
            },
            "type": "library",
            "autoload": {
                "psr-4": {
                    "Rhubarb\\Leaf\\Controls\\": "src/",
                    "Rhubarb\\Leaf\\Controls\\Tests\\": "tests/unit/"
                }
            },
            "license": [
                "Apache-2.0"
            ],
            "description": "Common form control leaves for the leaf module of Rhubarb",
            "homepage": "http://www.rhubarbphp.com/",
            "keywords": [
                "framework",
                "leaf",
                "mvp",
                "php",
                "presenter",
                "rhubarb"
            ],
            "time": "2016-04-27 22:37:39"
        },
        {
            "name": "rhubarbphp/rhubarb",
            "version": "dev-feature/Events",
            "source": {
                "type": "git",
                "url": "https://github.com/RhubarbPHP/Rhubarb.git",
                "reference": "a8378a0f2fd650b535504706f88fffcd44260d84"
            },
            "dist": {
                "type": "zip",
                "url": "https://api.github.com/repos/RhubarbPHP/Rhubarb/zipball/a8378a0f2fd650b535504706f88fffcd44260d84",
                "reference": "a8378a0f2fd650b535504706f88fffcd44260d84",
                "shasum": ""
            },
            "require": {
                "php": ">=5.6.0"
            },
            "require-dev": {
                "codeception/codeception": "^2.0.0",
                "pdepend/pdepend": "^2.0.0",
                "phploc/phploc": "^3.0.0",
                "phpmd/phpmd": "^2.0.0",
                "rhubarbphp/custard": "^1.0.0",
                "rhubarbphp/module-build-status-updater": "^1.0.0",
                "sebastian/phpcpd": "^2.0.0",
                "squizlabs/php_codesniffer": "^2.0.0",
                "tan-tan-kanarek/github-php-client": "dev-master as 1.0",
                "theseer/phpdox": "0.8.1.1"
            },
            "type": "library",
            "extra": {
                "branch-alias": {
                    "dev-master": "1.1.0-dev"
                }
            },
            "autoload": {
                "psr-4": {
                    "Rhubarb\\Crown\\": "src/",
                    "Rhubarb\\Crown\\Tests\\": "tests/"
                }
            },
            "notification-url": "https://packagist.org/downloads/",
            "license": [
                "Apache-2.0"
            ],
            "description": "A modern enterprise ready PHP framework",
            "homepage": "http://www.rhubarbphp.com/",
            "keywords": [
                "framework",
                "php"
            ],
            "time": "2016-04-27 20:31:26"
        },
        {
            "name": "symfony/console",
            "version": "v3.0.4",
            "source": {
                "type": "git",
                "url": "https://github.com/symfony/console.git",
                "reference": "6b1175135bc2a74c08a28d89761272de8beed8cd"
            },
            "dist": {
                "type": "zip",
                "url": "https://api.github.com/repos/symfony/console/zipball/6b1175135bc2a74c08a28d89761272de8beed8cd",
                "reference": "6b1175135bc2a74c08a28d89761272de8beed8cd",
                "shasum": ""
            },
            "require": {
                "php": ">=5.5.9",
                "symfony/polyfill-mbstring": "~1.0"
            },
            "require-dev": {
                "psr/log": "~1.0",
                "symfony/event-dispatcher": "~2.8|~3.0",
                "symfony/process": "~2.8|~3.0"
            },
            "suggest": {
                "psr/log": "For using the console logger",
                "symfony/event-dispatcher": "",
                "symfony/process": ""
            },
            "type": "library",
            "extra": {
                "branch-alias": {
                    "dev-master": "3.0-dev"
                }
            },
            "autoload": {
                "psr-4": {
                    "Symfony\\Component\\Console\\": ""
                },
                "exclude-from-classmap": [
                    "/Tests/"
                ]
            },
            "notification-url": "https://packagist.org/downloads/",
            "license": [
                "MIT"
            ],
            "authors": [
                {
                    "name": "Fabien Potencier",
                    "email": "fabien@symfony.com"
                },
                {
                    "name": "Symfony Community",
                    "homepage": "https://symfony.com/contributors"
                }
            ],
            "description": "Symfony Console Component",
            "homepage": "https://symfony.com",
            "time": "2016-03-16 17:00:50"
        },
        {
            "name": "symfony/polyfill-mbstring",
            "version": "v1.1.1",
            "source": {
                "type": "git",
                "url": "https://github.com/symfony/polyfill-mbstring.git",
                "reference": "1289d16209491b584839022f29257ad859b8532d"
            },
            "dist": {
                "type": "zip",
                "url": "https://api.github.com/repos/symfony/polyfill-mbstring/zipball/1289d16209491b584839022f29257ad859b8532d",
                "reference": "1289d16209491b584839022f29257ad859b8532d",
                "shasum": ""
            },
            "require": {
                "php": ">=5.3.3"
            },
            "suggest": {
                "ext-mbstring": "For best performance"
            },
            "type": "library",
            "extra": {
                "branch-alias": {
                    "dev-master": "1.1-dev"
                }
            },
            "autoload": {
                "psr-4": {
                    "Symfony\\Polyfill\\Mbstring\\": ""
                },
                "files": [
                    "bootstrap.php"
                ]
            },
            "notification-url": "https://packagist.org/downloads/",
            "license": [
                "MIT"
            ],
            "authors": [
                {
                    "name": "Nicolas Grekas",
                    "email": "p@tchwork.com"
                },
                {
                    "name": "Symfony Community",
                    "homepage": "https://symfony.com/contributors"
                }
            ],
            "description": "Symfony polyfill for the Mbstring extension",
            "homepage": "https://symfony.com",
            "keywords": [
                "compatibility",
                "mbstring",
                "polyfill",
                "portable",
                "shim"
            ],
            "time": "2016-01-20 09:13:37"
        }
    ],
    "packages-dev": [],
    "aliases": [
        {
            "alias": "1.0.0",
            "alias_normalized": "1.0.0.0",
            "version": "dev-ac/MajorRefactor",
            "package": "rhubarbphp/module-leaf"
        },
        {
            "alias": "1.0.0",
            "alias_normalized": "1.0.0.0",
            "version": "dev-feature/Events",
            "package": "rhubarbphp/rhubarb"
        }
    ],
    "minimum-stability": "stable",
    "stability-flags": {
        "rhubarbphp/module-leaf": 20,
        "rhubarbphp/rhubarb": 20,
        "rhubarbphp/custard": 20,
        "rhubarbphp/module-leaf-common-controls": 20
    },
    "prefer-stable": false,
    "prefer-lowest": false,
    "platform": [],
    "platform-dev": []
}
